
Microsoft Visual Studio Solution File, Format Version 12.00
# Visual Studio Version 17
VisualStudioVersion = 17.3.32825.248
MinimumVisualStudioVersion = 10.0.40219.1
Project("{FAE04EC0-301F-11D3-BF4B-00C04F79EFBC}") = "TPDojo", "TPDojo\TPDojo.csproj", "{45C47F51-7132-497A-BDC1-E9349EC52BAF}"
EndProject
Project("{FAE04EC0-301F-11D3-BF4B-00C04F79EFBC}") = "BO", "BO\BO.csproj", "{87061BE6-38E2-473A-B545-4059C8EA0FE8}"
EndProject
Global
	GlobalSection(SolutionConfigurationPlatforms) = preSolution
		Debug|Any CPU = Debug|Any CPU
		Release|Any CPU = Release|Any CPU
	EndGlobalSection
	GlobalSection(ProjectConfigurationPlatforms) = postSolution
		{45C47F51-7132-497A-BDC1-E9349EC52BAF}.Debug|Any CPU.ActiveCfg = Debug|Any CPU
		{45C47F51-7132-497A-BDC1-E9349EC52BAF}.Debug|Any CPU.Build.0 = Debug|Any CPU
		{45C47F51-7132-497A-BDC1-E9349EC52BAF}.Release|Any CPU.ActiveCfg = Release|Any CPU
		{45C47F51-7132-497A-BDC1-E9349EC52BAF}.Release|Any CPU.Build.0 = Release|Any CPU
		{87061BE6-38E2-473A-B545-4059C8EA0FE8}.Debug|Any CPU.ActiveCfg = Debug|Any CPU
		{87061BE6-38E2-473A-B545-4059C8EA0FE8}.Debug|Any CPU.Build.0 = Debug|Any CPU
		{87061BE6-38E2-473A-B545-4059C8EA0FE8}.Release|Any CPU.ActiveCfg = Release|Any CPU
		{87061BE6-38E2-473A-B545-4059C8EA0FE8}.Release|Any CPU.Build.0 = Release|Any CPU
	EndGlobalSection
	GlobalSection(SolutionProperties) = preSolution
		HideSolutionNode = FALSE
	EndGlobalSection
	GlobalSection(ExtensibilityGlobals) = postSolution
		SolutionGuid = {792DDA73-2865-4EF8-B0C7-826A76830349}
	EndGlobalSection
EndGlobal
